
Microsoft Visual Studio Solution File, Format Version 12.00
# Visual Studio 15
VisualStudioVersion = 15.0.27130.2036
MinimumVisualStudioVersion = 10.0.40219.1
Project("{FAE04EC0-301F-11D3-BF4B-00C04F79EFBC}") = "aplicativo01", "aplicativo01\aplicativo01.csproj", "{446AFE7B-1B33-45E6-B4B3-2774155D7E43}"
EndProject
Project("{FAE04EC0-301F-11D3-BF4B-00C04F79EFBC}") = "teste_unitario", "teste_unitario\teste_unitario.csproj", "{789DFD63-EC33-4FC5-BC93-A087659A18C6}"
EndProject
Project("{FAE04EC0-301F-11D3-BF4B-00C04F79EFBC}") = "Gravacao", "Gravacao\Gravacao.csproj", "{632DF244-C77D-49D2-8F36-B6E2674639CC}"
EndProject
Global
	GlobalSection(SolutionConfigurationPlatforms) = preSolution
		Debug|Any CPU = Debug|Any CPU
		Release|Any CPU = Release|Any CPU
	EndGlobalSection
	GlobalSection(ProjectConfigurationPlatforms) = postSolution
		{446AFE7B-1B33-45E6-B4B3-2774155D7E43}.Debug|Any CPU.ActiveCfg = Debug|Any CPU
		{446AFE7B-1B33-45E6-B4B3-2774155D7E43}.Debug|Any CPU.Build.0 = Debug|Any CPU
		{446AFE7B-1B33-45E6-B4B3-2774155D7E43}.Release|Any CPU.ActiveCfg = Release|Any CPU
		{446AFE7B-1B33-45E6-B4B3-2774155D7E43}.Release|Any CPU.Build.0 = Release|Any CPU
		{789DFD63-EC33-4FC5-BC93-A087659A18C6}.Debug|Any CPU.ActiveCfg = Debug|Any CPU
		{789DFD63-EC33-4FC5-BC93-A087659A18C6}.Debug|Any CPU.Build.0 = Debug|Any CPU
		{789DFD63-EC33-4FC5-BC93-A087659A18C6}.Release|Any CPU.ActiveCfg = Release|Any CPU
		{789DFD63-EC33-4FC5-BC93-A087659A18C6}.Release|Any CPU.Build.0 = Release|Any CPU
		{632DF244-C77D-49D2-8F36-B6E2674639CC}.Debug|Any CPU.ActiveCfg = Debug|Any CPU
		{632DF244-C77D-49D2-8F36-B6E2674639CC}.Debug|Any CPU.Build.0 = Debug|Any CPU
		{632DF244-C77D-49D2-8F36-B6E2674639CC}.Release|Any CPU.ActiveCfg = Release|Any CPU
		{632DF244-C77D-49D2-8F36-B6E2674639CC}.Release|Any CPU.Build.0 = Release|Any CPU
	EndGlobalSection
	GlobalSection(SolutionProperties) = preSolution
		HideSolutionNode = FALSE
	EndGlobalSection
	GlobalSection(ExtensibilityGlobals) = postSolution
		SolutionGuid = {189C8672-6930-47C6-9C07-9BD85D226383}
	EndGlobalSection
EndGlobal
